
Microsoft Visual Studio Solution File, Format Version 12.00
# Visual Studio Version 17
VisualStudioVersion = 17.8.34316.72
MinimumVisualStudioVersion = 10.0.40219.1
Project("{FAE04EC0-301F-11D3-BF4B-00C04F79EFBC}") = "Restauarant-Reservation-FrontEnd-Service-TestProject", "Restauarant-Reservation-FrontEnd-Service-TestProject\Restauarant-Reservation-FrontEnd-Service-TestProject.csproj", "{30AE362F-3745-4FB6-BD09-80A3798E9500}"
EndProject
Project("{FAE04EC0-301F-11D3-BF4B-00C04F79EFBC}") = "Restauarant-Reservation-BackEnd-Service-TestProject", "Restauarant-Reservation-BackEnd-Service-TestProject\Restauarant-Reservation-BackEnd-Service-TestProject.csproj", "{C21E9E01-821D-4BB9-A135-5C59089B054B}"
EndProject
Project("{FAE04EC0-301F-11D3-BF4B-00C04F79EFBC}") = "Restauarant-Reservation-BackEnd", "Restauarant-Reservation-BackEnd\Restauarant-Reservation-BackEnd.csproj", "{F0B53917-0030-4A95-BD7B-7175C52FE096}"
EndProject
Project("{FAE04EC0-301F-11D3-BF4B-00C04F79EFBC}") = "Restauarant-Reservation-FrontEnd", "Restauarant-Reservation-FrontEnd\Restauarant-Reservation-FrontEnd.csproj", "{3F061DB8-EB42-4CBC-9DF9-5E63518B8260}"
EndProject
Global
	GlobalSection(SolutionConfigurationPlatforms) = preSolution
		Debug|Any CPU = Debug|Any CPU
		Release|Any CPU = Release|Any CPU
	EndGlobalSection
	GlobalSection(ProjectConfigurationPlatforms) = postSolution
		{30AE362F-3745-4FB6-BD09-80A3798E9500}.Debug|Any CPU.ActiveCfg = Debug|Any CPU
		{30AE362F-3745-4FB6-BD09-80A3798E9500}.Debug|Any CPU.Build.0 = Debug|Any CPU
		{30AE362F-3745-4FB6-BD09-80A3798E9500}.Release|Any CPU.ActiveCfg = Release|Any CPU
		{30AE362F-3745-4FB6-BD09-80A3798E9500}.Release|Any CPU.Build.0 = Release|Any CPU
		{C21E9E01-821D-4BB9-A135-5C59089B054B}.Debug|Any CPU.ActiveCfg = Debug|Any CPU
		{C21E9E01-821D-4BB9-A135-5C59089B054B}.Debug|Any CPU.Build.0 = Debug|Any CPU
		{C21E9E01-821D-4BB9-A135-5C59089B054B}.Release|Any CPU.ActiveCfg = Release|Any CPU
		{C21E9E01-821D-4BB9-A135-5C59089B054B}.Release|Any CPU.Build.0 = Release|Any CPU
		{F0B53917-0030-4A95-BD7B-7175C52FE096}.Debug|Any CPU.ActiveCfg = Debug|Any CPU
		{F0B53917-0030-4A95-BD7B-7175C52FE096}.Debug|Any CPU.Build.0 = Debug|Any CPU
		{F0B53917-0030-4A95-BD7B-7175C52FE096}.Release|Any CPU.ActiveCfg = Release|Any CPU
		{F0B53917-0030-4A95-BD7B-7175C52FE096}.Release|Any CPU.Build.0 = Release|Any CPU
		{3F061DB8-EB42-4CBC-9DF9-5E63518B8260}.Debug|Any CPU.ActiveCfg = Debug|Any CPU
		{3F061DB8-EB42-4CBC-9DF9-5E63518B8260}.Debug|Any CPU.Build.0 = Debug|Any CPU
		{3F061DB8-EB42-4CBC-9DF9-5E63518B8260}.Release|Any CPU.ActiveCfg = Release|Any CPU
		{3F061DB8-EB42-4CBC-9DF9-5E63518B8260}.Release|Any CPU.Build.0 = Release|Any CPU
	EndGlobalSection
	GlobalSection(SolutionProperties) = preSolution
		HideSolutionNode = FALSE
	EndGlobalSection
	GlobalSection(ExtensibilityGlobals) = postSolution
		SolutionGuid = {44A8F0CD-D4C9-4E4A-885E-D8C766FD5B47}
	EndGlobalSection
EndGlobal
